
Microsoft Visual Studio Solution File, Format Version 12.00
# Visual Studio 15
VisualStudioVersion = 15.0.26730.10
MinimumVisualStudioVersion = 10.0.40219.1
Project("{8BC9CEB8-8B4A-11D0-8D11-00A0C91BC942}") = "66. 함수의 배열 인수", "66. 함수의 배열 인수\66. 함수의 배열 인수.vcxproj", "{03B6ECC7-4AE3-422C-B2D2-FE8A97E3E017}"
EndProject
Global
	GlobalSection(SolutionConfigurationPlatforms) = preSolution
		Debug|x64 = Debug|x64
		Debug|x86 = Debug|x86
		Release|x64 = Release|x64
		Release|x86 = Release|x86
	EndGlobalSection
	GlobalSection(ProjectConfigurationPlatforms) = postSolution
		{03B6ECC7-4AE3-422C-B2D2-FE8A97E3E017}.Debug|x64.ActiveCfg = Debug|x64
		{03B6ECC7-4AE3-422C-B2D2-FE8A97E3E017}.Debug|x64.Build.0 = Debug|x64
		{03B6ECC7-4AE3-422C-B2D2-FE8A97E3E017}.Debug|x86.ActiveCfg = Debug|Win32
		{03B6ECC7-4AE3-422C-B2D2-FE8A97E3E017}.Debug|x86.Build.0 = Debug|Win32
		{03B6ECC7-4AE3-422C-B2D2-FE8A97E3E017}.Release|x64.ActiveCfg = Release|x64
		{03B6ECC7-4AE3-422C-B2D2-FE8A97E3E017}.Release|x64.Build.0 = Release|x64
		{03B6ECC7-4AE3-422C-B2D2-FE8A97E3E017}.Release|x86.ActiveCfg = Release|Win32
		{03B6ECC7-4AE3-422C-B2D2-FE8A97E3E017}.Release|x86.Build.0 = Release|Win32
	EndGlobalSection
	GlobalSection(SolutionProperties) = preSolution
		HideSolutionNode = FALSE
	EndGlobalSection
	GlobalSection(ExtensibilityGlobals) = postSolution
		SolutionGuid = {CA104822-2157-437C-9645-E27CF0430733}
	EndGlobalSection
EndGlobal
