
Microsoft Visual Studio Solution File, Format Version 12.00
# Visual Studio 15
VisualStudioVersion = 15.0.26730.10
MinimumVisualStudioVersion = 10.0.40219.1
Project("{8BC9CEB8-8B4A-11D0-8D11-00A0C91BC942}") = "95. 1문자 입출력 함수의 이용", "95. 1문자 입출력 함수의 이용\95. 1문자 입출력 함수의 이용.vcxproj", "{927CC140-BDBA-4B36-B451-6301DF70CA8F}"
EndProject
Global
	GlobalSection(SolutionConfigurationPlatforms) = preSolution
		Debug|x64 = Debug|x64
		Debug|x86 = Debug|x86
		Release|x64 = Release|x64
		Release|x86 = Release|x86
	EndGlobalSection
	GlobalSection(ProjectConfigurationPlatforms) = postSolution
		{927CC140-BDBA-4B36-B451-6301DF70CA8F}.Debug|x64.ActiveCfg = Debug|x64
		{927CC140-BDBA-4B36-B451-6301DF70CA8F}.Debug|x64.Build.0 = Debug|x64
		{927CC140-BDBA-4B36-B451-6301DF70CA8F}.Debug|x86.ActiveCfg = Debug|Win32
		{927CC140-BDBA-4B36-B451-6301DF70CA8F}.Debug|x86.Build.0 = Debug|Win32
		{927CC140-BDBA-4B36-B451-6301DF70CA8F}.Release|x64.ActiveCfg = Release|x64
		{927CC140-BDBA-4B36-B451-6301DF70CA8F}.Release|x64.Build.0 = Release|x64
		{927CC140-BDBA-4B36-B451-6301DF70CA8F}.Release|x86.ActiveCfg = Release|Win32
		{927CC140-BDBA-4B36-B451-6301DF70CA8F}.Release|x86.Build.0 = Release|Win32
	EndGlobalSection
	GlobalSection(SolutionProperties) = preSolution
		HideSolutionNode = FALSE
	EndGlobalSection
	GlobalSection(ExtensibilityGlobals) = postSolution
		SolutionGuid = {47DB2D9F-EB64-4E69-B445-605759602D92}
	EndGlobalSection
EndGlobal
