
Microsoft Visual Studio Solution File, Format Version 12.00
# Visual Studio 15
VisualStudioVersion = 15.0.26730.10
MinimumVisualStudioVersion = 10.0.40219.1
Project("{8BC9CEB8-8B4A-11D0-8D11-00A0C91BC942}") = "71. strlen( ) 함수의 이용", "71. strlen( ) 함수의 이용\71. strlen( ) 함수의 이용.vcxproj", "{352A1697-5B66-4B34-B941-ED19515E567B}"
EndProject
Global
	GlobalSection(SolutionConfigurationPlatforms) = preSolution
		Debug|x64 = Debug|x64
		Debug|x86 = Debug|x86
		Release|x64 = Release|x64
		Release|x86 = Release|x86
	EndGlobalSection
	GlobalSection(ProjectConfigurationPlatforms) = postSolution
		{352A1697-5B66-4B34-B941-ED19515E567B}.Debug|x64.ActiveCfg = Debug|x64
		{352A1697-5B66-4B34-B941-ED19515E567B}.Debug|x64.Build.0 = Debug|x64
		{352A1697-5B66-4B34-B941-ED19515E567B}.Debug|x86.ActiveCfg = Debug|Win32
		{352A1697-5B66-4B34-B941-ED19515E567B}.Debug|x86.Build.0 = Debug|Win32
		{352A1697-5B66-4B34-B941-ED19515E567B}.Release|x64.ActiveCfg = Release|x64
		{352A1697-5B66-4B34-B941-ED19515E567B}.Release|x64.Build.0 = Release|x64
		{352A1697-5B66-4B34-B941-ED19515E567B}.Release|x86.ActiveCfg = Release|Win32
		{352A1697-5B66-4B34-B941-ED19515E567B}.Release|x86.Build.0 = Release|Win32
	EndGlobalSection
	GlobalSection(SolutionProperties) = preSolution
		HideSolutionNode = FALSE
	EndGlobalSection
	GlobalSection(ExtensibilityGlobals) = postSolution
		SolutionGuid = {812A973E-5AE7-43C9-8BE2-87B1C0CBDA68}
	EndGlobalSection
EndGlobal
