
Microsoft Visual Studio Solution File, Format Version 12.00
# Visual Studio 15
VisualStudioVersion = 15.0.26730.10
MinimumVisualStudioVersion = 10.0.40219.1
Project("{8BC9CEB8-8B4A-11D0-8D11-00A0C91BC942}") = "93. 여러 가지 표기법의 출력", "93. 여러 가지 표기법의 출력\93. 여러 가지 표기법의 출력.vcxproj", "{D84C7659-23B3-4197-A696-0C98EC458074}"
EndProject
Global
	GlobalSection(SolutionConfigurationPlatforms) = preSolution
		Debug|x64 = Debug|x64
		Debug|x86 = Debug|x86
		Release|x64 = Release|x64
		Release|x86 = Release|x86
	EndGlobalSection
	GlobalSection(ProjectConfigurationPlatforms) = postSolution
		{D84C7659-23B3-4197-A696-0C98EC458074}.Debug|x64.ActiveCfg = Debug|x64
		{D84C7659-23B3-4197-A696-0C98EC458074}.Debug|x64.Build.0 = Debug|x64
		{D84C7659-23B3-4197-A696-0C98EC458074}.Debug|x86.ActiveCfg = Debug|Win32
		{D84C7659-23B3-4197-A696-0C98EC458074}.Debug|x86.Build.0 = Debug|Win32
		{D84C7659-23B3-4197-A696-0C98EC458074}.Release|x64.ActiveCfg = Release|x64
		{D84C7659-23B3-4197-A696-0C98EC458074}.Release|x64.Build.0 = Release|x64
		{D84C7659-23B3-4197-A696-0C98EC458074}.Release|x86.ActiveCfg = Release|Win32
		{D84C7659-23B3-4197-A696-0C98EC458074}.Release|x86.Build.0 = Release|Win32
	EndGlobalSection
	GlobalSection(SolutionProperties) = preSolution
		HideSolutionNode = FALSE
	EndGlobalSection
	GlobalSection(ExtensibilityGlobals) = postSolution
		SolutionGuid = {6CB67B0B-BDB7-4D9D-803D-FC6EB8CF13A7}
	EndGlobalSection
EndGlobal
