
Microsoft Visual Studio Solution File, Format Version 12.00
# Visual Studio 15
VisualStudioVersion = 15.0.26730.10
MinimumVisualStudioVersion = 10.0.40219.1
Project("{8BC9CEB8-8B4A-11D0-8D11-00A0C91BC942}") = "69. 포인터를 이용한 문자열 출력", "69. 포인터를 이용한 문자열 출력\69. 포인터를 이용한 문자열 출력.vcxproj", "{B1ED87F7-D2E7-4E4A-9CC4-CF9DD4A0E0DE}"
EndProject
Global
	GlobalSection(SolutionConfigurationPlatforms) = preSolution
		Debug|x64 = Debug|x64
		Debug|x86 = Debug|x86
		Release|x64 = Release|x64
		Release|x86 = Release|x86
	EndGlobalSection
	GlobalSection(ProjectConfigurationPlatforms) = postSolution
		{B1ED87F7-D2E7-4E4A-9CC4-CF9DD4A0E0DE}.Debug|x64.ActiveCfg = Debug|x64
		{B1ED87F7-D2E7-4E4A-9CC4-CF9DD4A0E0DE}.Debug|x64.Build.0 = Debug|x64
		{B1ED87F7-D2E7-4E4A-9CC4-CF9DD4A0E0DE}.Debug|x86.ActiveCfg = Debug|Win32
		{B1ED87F7-D2E7-4E4A-9CC4-CF9DD4A0E0DE}.Debug|x86.Build.0 = Debug|Win32
		{B1ED87F7-D2E7-4E4A-9CC4-CF9DD4A0E0DE}.Release|x64.ActiveCfg = Release|x64
		{B1ED87F7-D2E7-4E4A-9CC4-CF9DD4A0E0DE}.Release|x64.Build.0 = Release|x64
		{B1ED87F7-D2E7-4E4A-9CC4-CF9DD4A0E0DE}.Release|x86.ActiveCfg = Release|Win32
		{B1ED87F7-D2E7-4E4A-9CC4-CF9DD4A0E0DE}.Release|x86.Build.0 = Release|Win32
	EndGlobalSection
	GlobalSection(SolutionProperties) = preSolution
		HideSolutionNode = FALSE
	EndGlobalSection
	GlobalSection(ExtensibilityGlobals) = postSolution
		SolutionGuid = {8B9E08EA-C884-4228-80A0-CCC9283E0EFD}
	EndGlobalSection
EndGlobal
